PODS:
  - Alamofire (4.8.2)
  - Analytics (3.6.10)
  - SvrfGLTFSceneKit (1.1.0)
  - SvrfSDK (2.0.0):
    - Alamofire (~> 4.8.2)
    - Analytics (~> 3.0)
    - SvrfGLTFSceneKit (~> 1.1)

DEPENDENCIES:
  - SvrfGLTFSceneKit (~> 1.1)
  - SvrfSDK (~> 2.0.0)

SPEC REPOS:
  https://github.com/cocoapods/specs.git:
    - Alamofire
    - Analytics
    - SvrfGLTFSceneKit
    - SvrfSDK

SPEC CHECKSUMS:
  Alamofire: ae5c501addb7afdbb13687d7f2f722c78734c2d3
  Analytics: 63744ad4afa65c3bcdcdb7a94b62515bde5b3900
  SvrfGLTFSceneKit: faae23ed5a2be0525b5957385bae2a5dca08614b
  SvrfSDK: c2c7be656a9fecb617a10e0ce039dd61c821116e

PODFILE CHECKSUM: 2aebb407112ed986e0cb70dce36386105d19369a

COCOAPODS: 1.6.1
