PODS:
  - Alamofire (4.5.1)
  - Analytics (3.6.9)
  - SVRFClientSwift (1.3.0):
    - Alamofire (~> 4.5.0)
  - SvrfGLTFSceneKit (1.0.0)
  - SvrfSDK (1.0.0):
    - Analytics (~> 3.0)
    - SVRFClientSwift
    - SvrfGLTFSceneKit

DEPENDENCIES:
  - SvrfSDK (from `/Users/andreyevstratenko/Desktop/SvrfSDK`)

SPEC REPOS:
  https://github.com/cocoapods/specs.git:
    - Alamofire
    - Analytics
    - SVRFClientSwift
    - SvrfGLTFSceneKit

EXTERNAL SOURCES:
  SvrfSDK:
    :path: "/Users/andreyevstratenko/Desktop/SvrfSDK"

SPEC CHECKSUMS:
  Alamofire: 2d95912bf4c34f164fdfc335872e8c312acaea4a
  Analytics: 6541ce337e99d9f7a2240a8b3953940a7be5f998
  SVRFClientSwift: e891cc21754ca8c56791164d7ecfca38927861d5
  SvrfGLTFSceneKit: b400c2c84ac865d0b6afc110cbb9865311183d50
  SvrfSDK: 18dd82a92ab11998b00c1851dfa64b2d0fc9298c

PODFILE CHECKSUM: fd290c2f2c0ea4de6f117d3cd426888821fba8b0

COCOAPODS: 1.5.3
