
Microsoft Visual Studio Solution File, Format Version 12.00
# Visual Studio 15
VisualStudioVersion = 15.0.27130.2027
MinimumVisualStudioVersion = 10.0.40219.1
Project("{FAE04EC0-301F-11D3-BF4B-00C04F79EFBC}") = "SVRF.Client.Example", "Svrf.Client.Example\SVRF.Client.Example.csproj", "{782C8C8B-7712-4791-A564-514FEF68FFAD}"
EndProject
Global
	GlobalSection(SolutionConfigurationPlatforms) = preSolution
		Debug|Any CPU = Debug|Any CPU
		Release|Any CPU = Release|Any CPU
	EndGlobalSection
	GlobalSection(ProjectConfigurationPlatforms) = postSolution
		{782C8C8B-7712-4791-A564-514FEF68FFAD}.Debug|Any CPU.ActiveCfg = Debug|Any CPU
		{782C8C8B-7712-4791-A564-514FEF68FFAD}.Debug|Any CPU.Build.0 = Debug|Any CPU
		{782C8C8B-7712-4791-A564-514FEF68FFAD}.Release|Any CPU.ActiveCfg = Release|Any CPU
		{782C8C8B-7712-4791-A564-514FEF68FFAD}.Release|Any CPU.Build.0 = Release|Any CPU
	EndGlobalSection
	GlobalSection(SolutionProperties) = preSolution
		HideSolutionNode = FALSE
	EndGlobalSection
	GlobalSection(ExtensibilityGlobals) = postSolution
		SolutionGuid = {AD522BB3-2562-4153-89AD-6C8EFDE2AD13}
	EndGlobalSection
EndGlobal
