// !$*UTF8*$!
{
	archiveVersion = 1;
	classes = {
	};
	objectVersion = 50;
	objects = {

/* Begin PBXBuildFile section */
		ACB2ABAD215953430082494A /* LICENSE.txt in Resources */ = {isa = PBXBuildFile; fileRef = ACB2ABAC215953430082494A /* LICENSE.txt */; };
		BF0242DAF69BDAA48BF1A343 /* Pods_ARKitFaceFilterDemo.framework in Frameworks */ = {isa = PBXBuildFile; fileRef = 6060484CCF774C426E21F96B /* Pods_ARKitFaceFilterDemo.framework */; };
		EC3E19A221E6386B00ADDC25 /* ImageDownloader.swift in Sources */ = {isa = PBXBuildFile; fileRef = EC3E19A121E6386B00ADDC25 /* ImageDownloader.swift */; };
		EC5B8611219F0363004D47DB /* AppDelegate.swift in Sources */ = {isa = PBXBuildFile; fileRef = EC5B8602219F0363004D47DB /* AppDelegate.swift */; };
		EC5B8612219F0363004D47DB /* ViewController.swift in Sources */ = {isa = PBXBuildFile; fileRef = EC5B8604219F0363004D47DB /* ViewController.swift */; };
		EC5B8613219F0363004D47DB /* VirtualContentUpdater.swift in Sources */ = {isa = PBXBuildFile; fileRef = EC5B8606219F0363004D47DB /* VirtualContentUpdater.swift */; };
		EC5B8614219F0363004D47DB /* VirtualFaceContent.swift in Sources */ = {isa = PBXBuildFile; fileRef = EC5B8608219F0363004D47DB /* VirtualFaceContent.swift */; };
		EC5B8615219F0363004D47DB /* RemoteFaceFilter.swift in Sources */ = {isa = PBXBuildFile; fileRef = EC5B8609219F0363004D47DB /* RemoteFaceFilter.swift */; };
		EC5B8616219F0363004D47DB /* LaunchScreen.storyboard in Resources */ = {isa = PBXBuildFile; fileRef = EC5B860B219F0363004D47DB /* LaunchScreen.storyboard */; };
		EC5B8617219F0363004D47DB /* Main.storyboard in Resources */ = {isa = PBXBuildFile; fileRef = EC5B860C219F0363004D47DB /* Main.storyboard */; };
		EC5B8618219F0363004D47DB /* Assets.xcassets in Resources */ = {isa = PBXBuildFile; fileRef = EC5B860E219F0363004D47DB /* Assets.xcassets */; };
		EC5B861E219F0433004D47DB /* SearchCollectionViewCell.swift in Sources */ = {isa = PBXBuildFile; fileRef = EC5B861C219F0433004D47DB /* SearchCollectionViewCell.swift */; };
		EC5B861F219F0433004D47DB /* SearchCollectionView.swift in Sources */ = {isa = PBXBuildFile; fileRef = EC5B861D219F0433004D47DB /* SearchCollectionView.swift */; };
/* End PBXBuildFile section */

/* Begin PBXFileReference section */
		44196BA9B7A62194123F9EB6 /* Pods-ARKitFaceFilterDemo.release.xcconfig */ = {isa = PBXFileReference; includeInIndex = 1; lastKnownFileType = text.xcconfig; name = "Pods-ARKitFaceFilterDemo.release.xcconfig"; path = "Target Support Files/Pods-ARKitFaceFilterDemo/Pods-ARKitFaceFilterDemo.release.xcconfig"; sourceTree = "<group>"; };
		6060484CCF774C426E21F96B /* Pods_ARKitFaceFilterDemo.framework */ = {isa = PBXFileReference; explicitFileType = wrapper.framework; includeInIndex = 0; path = Pods_ARKitFaceFilterDemo.framework; sourceTree = BUILT_PRODUCTS_DIR; };
		ACB2AB8D215944BD0082494A /* ARKitFaceFilterDemo.app */ = {isa = PBXFileReference; explicitFileType = wrapper.application; includeInIndex = 0; path = ARKitFaceFilterDemo.app; sourceTree = BUILT_PRODUCTS_DIR; };
		ACB2ABAC215953430082494A /* LICENSE.txt */ = {isa = PBXFileReference; fileEncoding = 4; lastKnownFileType = text; path = LICENSE.txt; sourceTree = "<group>"; };
		EC3E19A121E6386B00ADDC25 /* ImageDownloader.swift */ = {isa = PBXFileReference; fileEncoding = 4; lastKnownFileType = sourcecode.swift; path = ImageDownloader.swift; sourceTree = "<group>"; };
		EC5B8602219F0363004D47DB /* AppDelegate.swift */ = {isa = PBXFileReference; fileEncoding = 4; lastKnownFileType = sourcecode.swift; path = AppDelegate.swift; sourceTree = "<group>"; };
		EC5B8604219F0363004D47DB /* ViewController.swift */ = {isa = PBXFileReference; fileEncoding = 4; lastKnownFileType = sourcecode.swift; path = ViewController.swift; sourceTree = "<group>"; };
		EC5B8606219F0363004D47DB /* VirtualContentUpdater.swift */ = {isa = PBXFileReference; fileEncoding = 4; lastKnownFileType = sourcecode.swift; path = VirtualContentUpdater.swift; sourceTree = "<group>"; };
		EC5B8608219F0363004D47DB /* VirtualFaceContent.swift */ = {isa = PBXFileReference; fileEncoding = 4; lastKnownFileType = sourcecode.swift; path = VirtualFaceContent.swift; sourceTree = "<group>"; };
		EC5B8609219F0363004D47DB /* RemoteFaceFilter.swift */ = {isa = PBXFileReference; fileEncoding = 4; lastKnownFileType = sourcecode.swift; path = RemoteFaceFilter.swift; sourceTree = "<group>"; };
		EC5B860B219F0363004D47DB /* LaunchScreen.storyboard */ = {isa = PBXFileReference; fileEncoding = 4; lastKnownFileType = file.storyboard; path = LaunchScreen.storyboard; sourceTree = "<group>"; };
		EC5B860C219F0363004D47DB /* Main.storyboard */ = {isa = PBXFileReference; fileEncoding = 4; lastKnownFileType = file.storyboard; path = Main.storyboard; sourceTree = "<group>"; };
		EC5B860E219F0363004D47DB /* Assets.xcassets */ = {isa = PBXFileReference; lastKnownFileType = folder.assetcatalog; path = Assets.xcassets; sourceTree = "<group>"; };
		EC5B8610219F0363004D47DB /* Info.plist */ = {isa = PBXFileReference; fileEncoding = 4; lastKnownFileType = text.plist.xml; path = Info.plist; sourceTree = "<group>"; };
		EC5B861C219F0433004D47DB /* SearchCollectionViewCell.swift */ = {isa = PBXFileReference; fileEncoding = 4; lastKnownFileType = sourcecode.swift; path = SearchCollectionViewCell.swift; sourceTree = "<group>"; };
		EC5B861D219F0433004D47DB /* SearchCollectionView.swift */ = {isa = PBXFileReference; fileEncoding = 4; lastKnownFileType = sourcecode.swift; path = SearchCollectionView.swift; sourceTree = "<group>"; };
		FFB7BA454647731604F5EF03 /* Pods-ARKitFaceFilterDemo.debug.xcconfig */ = {isa = PBXFileReference; includeInIndex = 1; lastKnownFileType = text.xcconfig; name = "Pods-ARKitFaceFilterDemo.debug.xcconfig"; path = "Target Support Files/Pods-ARKitFaceFilterDemo/Pods-ARKitFaceFilterDemo.debug.xcconfig"; sourceTree = "<group>"; };
/* End PBXFileReference section */

/* Begin PBXFrameworksBuildPhase section */
		ACB2AB8A215944BD0082494A /* Frameworks */ = {
			isa = PBXFrameworksBuildPhase;
			buildActionMask = 2147483647;
			files = (
				BF0242DAF69BDAA48BF1A343 /* Pods_ARKitFaceFilterDemo.framework in Frameworks */,
			);
			runOnlyForDeploymentPostprocessing = 0;
		};
/* End PBXFrameworksBuildPhase section */

/* Begin PBXGroup section */
		89CC7CB4F0ACD4DEC269F8CB /* Frameworks */ = {
			isa = PBXGroup;
			children = (
				6060484CCF774C426E21F96B /* Pods_ARKitFaceFilterDemo.framework */,
			);
			name = Frameworks;
			sourceTree = "<group>";
		};
		9D64547DE6CDDDA862B79639 /* Pods */ = {
			isa = PBXGroup;
			children = (
				FFB7BA454647731604F5EF03 /* Pods-ARKitFaceFilterDemo.debug.xcconfig */,
				44196BA9B7A62194123F9EB6 /* Pods-ARKitFaceFilterDemo.release.xcconfig */,
			);
			path = Pods;
			sourceTree = "<group>";
		};
		ACB2AB84215944BD0082494A = {
			isa = PBXGroup;
			children = (
				ACB2AB8F215944BD0082494A /* ARKitFaceFilterDemo */,
				ACB2ABAB215953430082494A /* LICENSE */,
				ACB2AB8E215944BD0082494A /* Products */,
				9D64547DE6CDDDA862B79639 /* Pods */,
				89CC7CB4F0ACD4DEC269F8CB /* Frameworks */,
			);
			sourceTree = "<group>";
		};
		ACB2AB8E215944BD0082494A /* Products */ = {
			isa = PBXGroup;
			children = (
				ACB2AB8D215944BD0082494A /* ARKitFaceFilterDemo.app */,
			);
			name = Products;
			sourceTree = "<group>";
		};
		ACB2AB8F215944BD0082494A /* ARKitFaceFilterDemo */ = {
			isa = PBXGroup;
			children = (
				EC5B8601219F0363004D47DB /* Classes */,
				EC5B860F219F0363004D47DB /* Plists */,
				EC5B860D219F0363004D47DB /* Resources */,
				EC5B860A219F0363004D47DB /* Storyboards */,
			);
			path = ARKitFaceFilterDemo;
			sourceTree = "<group>";
		};
		ACB2ABAB215953430082494A /* LICENSE */ = {
			isa = PBXGroup;
			children = (
				ACB2ABAC215953430082494A /* LICENSE.txt */,
			);
			path = LICENSE;
			sourceTree = "<group>";
		};
		EC5B8601219F0363004D47DB /* Classes */ = {
			isa = PBXGroup;
			children = (
				EC5B8602219F0363004D47DB /* AppDelegate.swift */,
				EC5B861A219F03E8004D47DB /* Views */,
				EC5B8603219F0363004D47DB /* Controllers */,
				EC5B8605219F0363004D47DB /* Helpers */,
			);
			path = Classes;
			sourceTree = "<group>";
		};
		EC5B8603219F0363004D47DB /* Controllers */ = {
			isa = PBXGroup;
			children = (
				EC5B8604219F0363004D47DB /* ViewController.swift */,
			);
			path = Controllers;
			sourceTree = "<group>";
		};
		EC5B8605219F0363004D47DB /* Helpers */ = {
			isa = PBXGroup;
			children = (
				EC3E19A121E6386B00ADDC25 /* ImageDownloader.swift */,
				EC5B8606219F0363004D47DB /* VirtualContentUpdater.swift */,
				EC5B8607219F0363004D47DB /* VirtualFaceContent */,
			);
			path = Helpers;
			sourceTree = "<group>";
		};
		EC5B8607219F0363004D47DB /* VirtualFaceContent */ = {
			isa = PBXGroup;
			children = (
				EC5B8608219F0363004D47DB /* VirtualFaceContent.swift */,
				EC5B8609219F0363004D47DB /* RemoteFaceFilter.swift */,
			);
			path = VirtualFaceContent;
			sourceTree = "<group>";
		};
		EC5B860A219F0363004D47DB /* Storyboards */ = {
			isa = PBXGroup;
			children = (
				EC5B860B219F0363004D47DB /* LaunchScreen.storyboard */,
				EC5B860C219F0363004D47DB /* Main.storyboard */,
			);
			path = Storyboards;
			sourceTree = "<group>";
		};
		EC5B860D219F0363004D47DB /* Resources */ = {
			isa = PBXGroup;
			children = (
				EC5B860E219F0363004D47DB /* Assets.xcassets */,
			);
			path = Resources;
			sourceTree = "<group>";
		};
		EC5B860F219F0363004D47DB /* Plists */ = {
			isa = PBXGroup;
			children = (
				EC5B8610219F0363004D47DB /* Info.plist */,
			);
			path = Plists;
			sourceTree = "<group>";
		};
		EC5B861A219F03E8004D47DB /* Views */ = {
			isa = PBXGroup;
			children = (
				EC5B861B219F0417004D47DB /* SearchCollectionView */,
			);
			path = Views;
			sourceTree = "<group>";
		};
		EC5B861B219F0417004D47DB /* SearchCollectionView */ = {
			isa = PBXGroup;
			children = (
				EC5B861D219F0433004D47DB /* SearchCollectionView.swift */,
				EC5B861C219F0433004D47DB /* SearchCollectionViewCell.swift */,
			);
			path = SearchCollectionView;
			sourceTree = "<group>";
		};
/* End PBXGroup section */

/* Begin PBXNativeTarget section */
		ACB2AB8C215944BD0082494A /* ARKitFaceFilterDemo */ = {
			isa = PBXNativeTarget;
			buildConfigurationList = ACB2ABA1215944BE0082494A /* Build configuration list for PBXNativeTarget "ARKitFaceFilterDemo" */;
			buildPhases = (
				50E78A11E64F2A0973D57260 /* [CP] Check Pods Manifest.lock */,
				ACB2AB89215944BD0082494A /* Sources */,
				ACB2AB8A215944BD0082494A /* Frameworks */,
				ACB2AB8B215944BD0082494A /* Resources */,
				4CF6C7C990D9D720450962FD /* [CP] Embed Pods Frameworks */,
			);
			buildRules = (
			);
			dependencies = (
			);
			name = ARKitFaceFilterDemo;
			productName = ARKitMaskDemo;
			productReference = ACB2AB8D215944BD0082494A /* ARKitFaceFilterDemo.app */;
			productType = "com.apple.product-type.application";
		};
/* End PBXNativeTarget section */

/* Begin PBXProject section */
		ACB2AB85215944BD0082494A /* Project object */ = {
			isa = PBXProject;
			attributes = {
				LastSwiftUpdateCheck = 1010;
				LastUpgradeCheck = 1010;
				ORGANIZATIONNAME = SVRF;
				TargetAttributes = {
					ACB2AB8C215944BD0082494A = {
						CreatedOnToolsVersion = 10.1;
						LastSwiftMigration = 1020;
					};
				};
			};
			buildConfigurationList = ACB2AB88215944BD0082494A /* Build configuration list for PBXProject "ARKitFaceFilterDemo" */;
			compatibilityVersion = "Xcode 9.3";
			developmentRegion = en;
			hasScannedForEncodings = 0;
			knownRegions = (
				en,
				Base,
			);
			mainGroup = ACB2AB84215944BD0082494A;
			productRefGroup = ACB2AB8E215944BD0082494A /* Products */;
			projectDirPath = "";
			projectRoot = "";
			targets = (
				ACB2AB8C215944BD0082494A /* ARKitFaceFilterDemo */,
			);
		};
/* End PBXProject section */

/* Begin PBXResourcesBuildPhase section */
		ACB2AB8B215944BD0082494A /* Resources */ = {
			isa = PBXResourcesBuildPhase;
			buildActionMask = 2147483647;
			files = (
				EC5B8617219F0363004D47DB /* Main.storyboard in Resources */,
				ACB2ABAD215953430082494A /* LICENSE.txt in Resources */,
				EC5B8618219F0363004D47DB /* Assets.xcassets in Resources */,
				EC5B8616219F0363004D47DB /* LaunchScreen.storyboard in Resources */,
			);
			runOnlyForDeploymentPostprocessing = 0;
		};
/* End PBXResourcesBuildPhase section */

/* Begin PBXShellScriptBuildPhase section */
		4CF6C7C990D9D720450962FD /* [CP] Embed Pods Frameworks */ = {
			isa = PBXShellScriptBuildPhase;
			buildActionMask = 2147483647;
			files = (
			);
			inputFileListPaths = (
			);
			inputPaths = (
				"${PODS_ROOT}/Target Support Files/Pods-ARKitFaceFilterDemo/Pods-ARKitFaceFilterDemo-frameworks.sh",
				"${BUILT_PRODUCTS_DIR}/Alamofire/Alamofire.framework",
				"${BUILT_PRODUCTS_DIR}/Analytics/Analytics.framework",
				"${BUILT_PRODUCTS_DIR}/SvrfGLTFSceneKit/SvrfGLTFSceneKit.framework",
				"${BUILT_PRODUCTS_DIR}/SvrfSDK/SvrfSDK.framework",
			);
			name = "[CP] Embed Pods Frameworks";
			outputFileListPaths = (
			);
			outputPaths = (
				"${TARGET_BUILD_DIR}/${FRAMEWORKS_FOLDER_PATH}/Alamofire.framework",
				"${TARGET_BUILD_DIR}/${FRAMEWORKS_FOLDER_PATH}/Analytics.framework",
				"${TARGET_BUILD_DIR}/${FRAMEWORKS_FOLDER_PATH}/SvrfGLTFSceneKit.framework",
				"${TARGET_BUILD_DIR}/${FRAMEWORKS_FOLDER_PATH}/SvrfSDK.framework",
			);
			runOnlyForDeploymentPostprocessing = 0;
			shellPath = /bin/sh;
			shellScript = "\"${PODS_ROOT}/Target Support Files/Pods-ARKitFaceFilterDemo/Pods-ARKitFaceFilterDemo-frameworks.sh\"\n";
			showEnvVarsInLog = 0;
		};
		50E78A11E64F2A0973D57260 /* [CP] Check Pods Manifest.lock */ = {
			isa = PBXShellScriptBuildPhase;
			buildActionMask = 2147483647;
			files = (
			);
			inputFileListPaths = (
			);
			inputPaths = (
				"${PODS_PODFILE_DIR_PATH}/Podfile.lock",
				"${PODS_ROOT}/Manifest.lock",
			);
			name = "[CP] Check Pods Manifest.lock";
			outputFileListPaths = (
			);
			outputPaths = (
				"$(DERIVED_FILE_DIR)/Pods-ARKitFaceFilterDemo-checkManifestLockResult.txt",
			);
			runOnlyForDeploymentPostprocessing = 0;
			shellPath = /bin/sh;
			shellScript = "diff \"${PODS_PODFILE_DIR_PATH}/Podfile.lock\" \"${PODS_ROOT}/Manifest.lock\" > /dev/null\nif [ $? != 0 ] ; then\n    # print error to STDERR\n    echo \"error: The sandbox is not in sync with the Podfile.lock. Run 'pod install' or update your CocoaPods installation.\" >&2\n    exit 1\nfi\n# This output is used by Xcode 'outputs' to avoid re-running this script phase.\necho \"SUCCESS\" > \"${SCRIPT_OUTPUT_FILE_0}\"\n";
			showEnvVarsInLog = 0;
		};
/* End PBXShellScriptBuildPhase section */

/* Begin PBXSourcesBuildPhase section */
		ACB2AB89215944BD0082494A /* Sources */ = {
			isa = PBXSourcesBuildPhase;
			buildActionMask = 2147483647;
			files = (
				EC5B8614219F0363004D47DB /* VirtualFaceContent.swift in Sources */,
				EC5B8612219F0363004D47DB /* ViewController.swift in Sources */,
				EC3E19A221E6386B00ADDC25 /* ImageDownloader.swift in Sources */,
				EC5B861E219F0433004D47DB /* SearchCollectionViewCell.swift in Sources */,
				EC5B861F219F0433004D47DB /* SearchCollectionView.swift in Sources */,
				EC5B8615219F0363004D47DB /* RemoteFaceFilter.swift in Sources */,
				EC5B8611219F0363004D47DB /* AppDelegate.swift in Sources */,
				EC5B8613219F0363004D47DB /* VirtualContentUpdater.swift in Sources */,
			);
			runOnlyForDeploymentPostprocessing = 0;
		};
/* End PBXSourcesBuildPhase section */

/* Begin XCBuildConfiguration section */
		ACB2AB9F215944BE0082494A /* Debug */ = {
			isa = XCBuildConfiguration;
			buildSettings = {
				ALWAYS_SEARCH_USER_PATHS = NO;
				CLANG_ANALYZER_NONNULL = YES;
				CLANG_ANALYZER_NUMBER_OBJECT_CONVERSION = YES_AGGRESSIVE;
				CLANG_CXX_LANGUAGE_STANDARD = "gnu++14";
				CLANG_CXX_LIBRARY = "libc++";
				CLANG_ENABLE_MODULES = YES;
				CLANG_ENABLE_OBJC_ARC = YES;
				CLANG_ENABLE_OBJC_WEAK = YES;
				CLANG_WARN_BLOCK_CAPTURE_AUTORELEASING = YES;
				CLANG_WARN_BOOL_CONVERSION = YES;
				CLANG_WARN_COMMA = YES;
				CLANG_WARN_CONSTANT_CONVERSION = YES;
				CLANG_WARN_DEPRECATED_OBJC_IMPLEMENTATIONS = YES;
				CLANG_WARN_DIRECT_OBJC_ISA_USAGE = YES_ERROR;
				CLANG_WARN_DOCUMENTATION_COMMENTS = YES;
				CLANG_WARN_EMPTY_BODY = YES;
				CLANG_WARN_ENUM_CONVERSION = YES;
				CLANG_WARN_INFINITE_RECURSION = YES;
				CLANG_WARN_INT_CONVERSION = YES;
				CLANG_WARN_NON_LITERAL_NULL_CONVERSION = YES;
				CLANG_WARN_OBJC_IMPLICIT_RETAIN_SELF = YES;
				CLANG_WARN_OBJC_LITERAL_CONVERSION = YES;
				CLANG_WARN_OBJC_ROOT_CLASS = YES_ERROR;
				CLANG_WARN_RANGE_LOOP_ANALYSIS = YES;
				CLANG_WARN_STRICT_PROTOTYPES = YES;
				CLANG_WARN_SUSPICIOUS_MOVE = YES;
				CLANG_WARN_UNGUARDED_AVAILABILITY = YES_AGGRESSIVE;
				CLANG_WARN_UNREACHABLE_CODE = YES;
				CLANG_WARN__DUPLICATE_METHOD_MATCH = YES;
				CODE_SIGN_IDENTITY = "iPhone Developer";
				COPY_PHASE_STRIP = NO;
				DEBUG_INFORMATION_FORMAT = dwarf;
				ENABLE_STRICT_OBJC_MSGSEND = YES;
				ENABLE_TESTABILITY = YES;
				GCC_C_LANGUAGE_STANDARD = gnu11;
				GCC_DYNAMIC_NO_PIC = NO;
				GCC_NO_COMMON_BLOCKS = YES;
				GCC_OPTIMIZATION_LEVEL = 0;
				GCC_PREPROCESSOR_DEFINITIONS = (
					"DEBUG=1",
					"$(inherited)",
				);
				GCC_WARN_64_TO_32_BIT_CONVERSION = YES;
				GCC_WARN_ABOUT_RETURN_TYPE = YES_ERROR;
				GCC_WARN_UNDECLARED_SELECTOR = YES;
				GCC_WARN_UNINITIALIZED_AUTOS = YES_AGGRESSIVE;
				GCC_WARN_UNUSED_FUNCTION = YES;
				GCC_WARN_UNUSED_VARIABLE = YES;
				IPHONEOS_DEPLOYMENT_TARGET = 12.1;
				MTL_ENABLE_DEBUG_INFO = INCLUDE_SOURCE;
				MTL_FAST_MATH = YES;
				ONLY_ACTIVE_ARCH = YES;
				SDKROOT = iphoneos;
				SWIFT_ACTIVE_COMPILATION_CONDITIONS = DEBUG;
				SWIFT_OPTIMIZATION_LEVEL = "-Onone";
			};
			name = Debug;
		};
		ACB2ABA0215944BE0082494A /* Release */ = {
			isa = XCBuildConfiguration;
			buildSettings = {
				ALWAYS_SEARCH_USER_PATHS = NO;
				CLANG_ANALYZER_NONNULL = YES;
				CLANG_ANALYZER_NUMBER_OBJECT_CONVERSION = YES_AGGRESSIVE;
				CLANG_CXX_LANGUAGE_STANDARD = "gnu++14";
				CLANG_CXX_LIBRARY = "libc++";
				CLANG_ENABLE_MODULES = YES;
				CLANG_ENABLE_OBJC_ARC = YES;
				CLANG_ENABLE_OBJC_WEAK = YES;
				CLANG_WARN_BLOCK_CAPTURE_AUTORELEASING = YES;
				CLANG_WARN_BOOL_CONVERSION = YES;
				CLANG_WARN_COMMA = YES;
				CLANG_WARN_CONSTANT_CONVERSION = YES;
				CLANG_WARN_DEPRECATED_OBJC_IMPLEMENTATIONS = YES;
				CLANG_WARN_DIRECT_OBJC_ISA_USAGE = YES_ERROR;
				CLANG_WARN_DOCUMENTATION_COMMENTS = YES;
				CLANG_WARN_EMPTY_BODY = YES;
				CLANG_WARN_ENUM_CONVERSION = YES;
				CLANG_WARN_INFINITE_RECURSION = YES;
				CLANG_WARN_INT_CONVERSION = YES;
				CLANG_WARN_NON_LITERAL_NULL_CONVERSION = YES;
				CLANG_WARN_OBJC_IMPLICIT_RETAIN_SELF = YES;
				CLANG_WARN_OBJC_LITERAL_CONVERSION = YES;
				CLANG_WARN_OBJC_ROOT_CLASS = YES_ERROR;
				CLANG_WARN_RANGE_LOOP_ANALYSIS = YES;
				CLANG_WARN_STRICT_PROTOTYPES = YES;
				CLANG_WARN_SUSPICIOUS_MOVE = YES;
				CLANG_WARN_UNGUARDED_AVAILABILITY = YES_AGGRESSIVE;
				CLANG_WARN_UNREACHABLE_CODE = YES;
				CLANG_WARN__DUPLICATE_METHOD_MATCH = YES;
				CODE_SIGN_IDENTITY = "iPhone Developer";
				COPY_PHASE_STRIP = NO;
				DEBUG_INFORMATION_FORMAT = "dwarf-with-dsym";
				ENABLE_NS_ASSERTIONS = NO;
				ENABLE_STRICT_OBJC_MSGSEND = YES;
				GCC_C_LANGUAGE_STANDARD = gnu11;
				GCC_NO_COMMON_BLOCKS = YES;
				GCC_WARN_64_TO_32_BIT_CONVERSION = YES;
				GCC_WARN_ABOUT_RETURN_TYPE = YES_ERROR;
				GCC_WARN_UNDECLARED_SELECTOR = YES;
				GCC_WARN_UNINITIALIZED_AUTOS = YES_AGGRESSIVE;
				GCC_WARN_UNUSED_FUNCTION = YES;
				GCC_WARN_UNUSED_VARIABLE = YES;
				IPHONEOS_DEPLOYMENT_TARGET = 12.1;
				MTL_ENABLE_DEBUG_INFO = NO;
				MTL_FAST_MATH = YES;
				SDKROOT = iphoneos;
				SWIFT_COMPILATION_MODE = wholemodule;
				SWIFT_OPTIMIZATION_LEVEL = "-O";
				VALIDATE_PRODUCT = YES;
			};
			name = Release;
		};
		ACB2ABA2215944BE0082494A /* Debug */ = {
			isa = XCBuildConfiguration;
			baseConfigurationReference = FFB7BA454647731604F5EF03 /* Pods-ARKitFaceFilterDemo.debug.xcconfig */;
			buildSettings = {
				ASSETCATALOG_COMPILER_APPICON_NAME = AppIcon;
				ASSETCATALOG_COMPILER_LAUNCHIMAGE_NAME = LaunchImage;
				CODE_SIGN_STYLE = Automatic;
				DEVELOPMENT_TEAM = WT765S9Q42;
				INFOPLIST_FILE = "$(SRCROOT)/ARKitFaceFilterDemo/Plists/Info.plist";
				IPHONEOS_DEPLOYMENT_TARGET = 11.0;
				LD_RUNPATH_SEARCH_PATHS = (
					"$(inherited)",
					"@executable_path/Frameworks",
				);
				PRODUCT_BUNDLE_IDENTIFIER = com.svrf.ARKitFaceFilterDemo;
				PRODUCT_NAME = "$(TARGET_NAME)";
				SWIFT_VERSION = 5.0;
				TARGETED_DEVICE_FAMILY = "1,2";
			};
			name = Debug;
		};
		ACB2ABA3215944BE0082494A /* Release */ = {
			isa = XCBuildConfiguration;
			baseConfigurationReference = 44196BA9B7A62194123F9EB6 /* Pods-ARKitFaceFilterDemo.release.xcconfig */;
			buildSettings = {
				ASSETCATALOG_COMPILER_APPICON_NAME = AppIcon;
				ASSETCATALOG_COMPILER_LAUNCHIMAGE_NAME = LaunchImage;
				CODE_SIGN_STYLE = Automatic;
				DEVELOPMENT_TEAM = WT765S9Q42;
				INFOPLIST_FILE = "$(SRCROOT)/ARKitFaceFilterDemo/Plists/Info.plist";
				IPHONEOS_DEPLOYMENT_TARGET = 11.0;
				LD_RUNPATH_SEARCH_PATHS = (
					"$(inherited)",
					"@executable_path/Frameworks",
				);
				PRODUCT_BUNDLE_IDENTIFIER = com.svrf.ARKitFaceFilterDemo;
				PRODUCT_NAME = "$(TARGET_NAME)";
				SWIFT_VERSION = 5.0;
				TARGETED_DEVICE_FAMILY = "1,2";
			};
			name = Release;
		};
/* End XCBuildConfiguration section */

/* Begin XCConfigurationList section */
		ACB2AB88215944BD0082494A /* Build configuration list for PBXProject "ARKitFaceFilterDemo" */ = {
			isa = XCConfigurationList;
			buildConfigurations = (
				ACB2AB9F215944BE0082494A /* Debug */,
				ACB2ABA0215944BE0082494A /* Release */,
			);
			defaultConfigurationIsVisible = 0;
			defaultConfigurationName = Release;
		};
		ACB2ABA1215944BE0082494A /* Build configuration list for PBXNativeTarget "ARKitFaceFilterDemo" */ = {
			isa = XCConfigurationList;
			buildConfigurations = (
				ACB2ABA2215944BE0082494A /* Debug */,
				ACB2ABA3215944BE0082494A /* Release */,
			);
			defaultConfigurationIsVisible = 0;
			defaultConfigurationName = Release;
		};
/* End XCConfigurationList section */
	};
	rootObject = ACB2AB85215944BD0082494A /* Project object */;
}
